
Microsoft Visual Studio Solution File, Format Version 12.00
# Visual Studio Version 17
VisualStudioVersion = 17.11.35327.3
MinimumVisualStudioVersion = 10.0.40219.1
Project("{FAE04EC0-301F-11D3-BF4B-00C04F79EFBC}") = "digikala-netCore", "digikala-netCore.csproj", "{584D0A78-C994-472B-9078-09BEB906B112}"
EndProject
Global
	GlobalSection(SolutionConfigurationPlatforms) = preSolution
		Debug|Any CPU = Debug|Any CPU
		Release|Any CPU = Release|Any CPU
	EndGlobalSection
	GlobalSection(ProjectConfigurationPlatforms) = postSolution
		{584D0A78-C994-472B-9078-09BEB906B112}.Debug|Any CPU.ActiveCfg = Debug|Any CPU
		{584D0A78-C994-472B-9078-09BEB906B112}.Debug|Any CPU.Build.0 = Debug|Any CPU
		{584D0A78-C994-472B-9078-09BEB906B112}.Release|Any CPU.ActiveCfg = Release|Any CPU
		{584D0A78-C994-472B-9078-09BEB906B112}.Release|Any CPU.Build.0 = Release|Any CPU
	EndGlobalSection
	GlobalSection(SolutionProperties) = preSolution
		HideSolutionNode = FALSE
	EndGlobalSection
	GlobalSection(ExtensibilityGlobals) = postSolution
		SolutionGuid = {7189AF40-1440-400F-849F-B882189C33D5}
	EndGlobalSection
EndGlobal
